
Microsoft Visual Studio Solution File, Format Version 12.00
# Visual Studio 15
VisualStudioVersion = 15.0.28307.852
MinimumVisualStudioVersion = 10.0.40219.1
Project("{9A19103F-16F7-4668-BE54-9A1E7A4F7556}") = "WebApiExample", "HostedServiceExample\WebApiExample.csproj", "{FA9A1243-ACA6-45AF-ABCB-F74FB43D0C70}"
EndProject
Project("{FAE04EC0-301F-11D3-BF4B-00C04F79EFBC}") = "OcrHostedService", "HostedService\OcrHostedService.csproj", "{343C9097-B4DC-40E6-A8DE-1874CCCEF4B5}"
EndProject
Global
	GlobalSection(SolutionConfigurationPlatforms) = preSolution
		Debug|Any CPU = Debug|Any CPU
		Release|Any CPU = Release|Any CPU
	EndGlobalSection
	GlobalSection(ProjectConfigurationPlatforms) = postSolution
		{FA9A1243-ACA6-45AF-ABCB-F74FB43D0C70}.Debug|Any CPU.ActiveCfg = Debug|Any CPU
		{FA9A1243-ACA6-45AF-ABCB-F74FB43D0C70}.Debug|Any CPU.Build.0 = Debug|Any CPU
		{FA9A1243-ACA6-45AF-ABCB-F74FB43D0C70}.Release|Any CPU.ActiveCfg = Release|Any CPU
		{FA9A1243-ACA6-45AF-ABCB-F74FB43D0C70}.Release|Any CPU.Build.0 = Release|Any CPU
		{343C9097-B4DC-40E6-A8DE-1874CCCEF4B5}.Debug|Any CPU.ActiveCfg = Debug|Any CPU
		{343C9097-B4DC-40E6-A8DE-1874CCCEF4B5}.Debug|Any CPU.Build.0 = Debug|Any CPU
		{343C9097-B4DC-40E6-A8DE-1874CCCEF4B5}.Release|Any CPU.ActiveCfg = Release|Any CPU
		{343C9097-B4DC-40E6-A8DE-1874CCCEF4B5}.Release|Any CPU.Build.0 = Release|Any CPU
	EndGlobalSection
	GlobalSection(SolutionProperties) = preSolution
		HideSolutionNode = FALSE
	EndGlobalSection
	GlobalSection(ExtensibilityGlobals) = postSolution
		SolutionGuid = {B5903298-F91C-4486-96FE-F5264B0204F0}
	EndGlobalSection
EndGlobal
